
Microsoft Visual Studio Solution File, Format Version 12.00
# Visual Studio Version 17
VisualStudioVersion = 17.10.34928.147
MinimumVisualStudioVersion = 10.0.40219.1
Project("{FAE04EC0-301F-11D3-BF4B-00C04F79EFBC}") = "ModernWarfare2019AssetFix", "ModernWarfare2019AssetFix\ModernWarfare2019AssetFix.csproj", "{66F17A58-9F2D-4D0C-BA46-BDDC0FE3ABAB}"
EndProject
Global
	GlobalSection(SolutionConfigurationPlatforms) = preSolution
		Debug|Any CPU = Debug|Any CPU
		Release|Any CPU = Release|Any CPU
	EndGlobalSection
	GlobalSection(ProjectConfigurationPlatforms) = postSolution
		{66F17A58-9F2D-4D0C-BA46-BDDC0FE3ABAB}.Debug|Any CPU.ActiveCfg = Debug|Any CPU
		{66F17A58-9F2D-4D0C-BA46-BDDC0FE3ABAB}.Debug|Any CPU.Build.0 = Debug|Any CPU
		{66F17A58-9F2D-4D0C-BA46-BDDC0FE3ABAB}.Release|Any CPU.ActiveCfg = Release|Any CPU
		{66F17A58-9F2D-4D0C-BA46-BDDC0FE3ABAB}.Release|Any CPU.Build.0 = Release|Any CPU
	EndGlobalSection
	GlobalSection(SolutionProperties) = preSolution
		HideSolutionNode = FALSE
	EndGlobalSection
	GlobalSection(ExtensibilityGlobals) = postSolution
		SolutionGuid = {BE244834-0950-42A0-8B8B-D83FCDC3DBA8}
	EndGlobalSection
EndGlobal
